{
  "name": "@okiba/component",
  "version": "0.0.1",
  "lockfileVersion": 1,
  "requires": true,
  "dependencies": {
    "@okiba/dom": {
      "version": "0.0.1",
      "resolved": "https://registry.npmjs.org/@okiba/dom/-/dom-0.0.1.tgz",
      "integrity": "sha512-gd0yTQkgAKErRXaQiEmxZKVkk3C0EGpNE3eClM5p/up4FB4HHjzrFDeEUoBs4ck0Zm6qMoyVM0eBbqy50PZ18w=="
    }
  }
}
