{
  "name": "@okiba/dom",
  "version": "1.0.20",
  "lockfileVersion": 1,
  "requires": true,
  "dependencies": {
    "@okiba/arrays": {
      "version": "0.0.1",
      "resolved": "https://registry.npmjs.org/@okiba/arrays/-/arrays-0.0.1.tgz",
      "integrity": "sha512-UdnQLSOULSvZilQf4wqDqGh6Nhj3X+gCFizL/mOMfTOOwjui/swTGBWZUK0IpWzaZpl/oUiSyWMTnSdF/eVrcQ=="
    }
  }
}
